# THIS IS AN AUTOGENERATED FILE. DO NOT EDIT THIS FILE DIRECTLY.
# yarn lockfile v1


"@types/node@*":
  version "10.10.1"
  resolved "https://registry.yarnpkg.com/@types/node/-/node-10.10.1.tgz#d5c96ca246a418404914d180b7fdd625ad18eca6"

bootstrap@^4.1.3:
  version "4.1.3"
  resolved "https://registry.yarnpkg.com/bootstrap/-/bootstrap-4.1.3.tgz#0eb371af2c8448e8c210411d0cb824a6409a12be"

parse5@^3.0.2:
  version "3.0.3"
  resolved "https://registry.yarnpkg.com/parse5/-/parse5-3.0.3.tgz#042f792ffdd36851551cf4e9e066b3874ab45b5c"
  dependencies:
    "@types/node" "*"

react-attr-converter@^0.3.1:
  version "0.3.1"
  resolved "https://registry.yarnpkg.com/react-attr-converter/-/react-attr-converter-0.3.1.tgz#4a2abf6d907b7ddae4d862dfec80e489ce41ad6e"

react-render-html@^0.6.0:
  version "0.6.0"
  resolved "https://registry.yarnpkg.com/react-render-html/-/react-render-html-0.6.0.tgz#1af51d859ed75474435a1c65c293a48e12c36627"
  dependencies:
    parse5 "^3.0.2"
    react-attr-converter "^0.3.1"
